{
  "name": "blog",
  "version": "1.0.0",
  "lockfileVersion": 1,
  "requires": true,
  "dependencies": {
    "gitment": {
      "version": "0.0.3",
      "resolved": "https://registry.npmjs.org/gitment/-/gitment-0.0.3.tgz",
      "integrity": "sha1-28y610gLE0W2VpE71w7/eSp7OLg=",
      "requires": {
        "mobx": "^3.1.7"
      }
    },
    "jekyll": {
      "version": "3.0.0-beta1",
      "resolved": "https://registry.npm.es.ebay.com/j/jekyll/_attachments/jekyll-3.0.0-beta1.tgz",
      "integrity": "sha1-MnSfAwBM/yF78pmI9uRCBgZHn/k="
    },
    "mobx": {
      "version": "3.6.2",
      "resolved": "https://registry.npmjs.org/mobx/-/mobx-3.6.2.tgz",
      "integrity": "sha1-+59f9QkFOaGtVOddxMCYtgJpMyA="
    },
    "social-share.js": {
      "version": "1.0.16",
      "resolved": "https://registry.npmjs.org/social-share.js/-/social-share.js-1.0.16.tgz",
      "integrity": "sha1-H9SpHEbIxoNWcPEUcuyy4pMhUxA="
    }
  }
}
